PODS:
  - Flutter (1.0.0)
  - flutter_plugin_android_lifecycle (0.0.1):
    - Flutter
  - image_crop (0.0.1):
    - Flutter
  - image_cropper (0.0.2):
    - Flutter
    - TOCropViewController (~> 2.5.2)
  - image_picker (0.0.1):
    - Flutter
  - path_provider (0.0.1):
    - Flutter
  - path_provider_macos (0.0.1):
    - Flutter
  - TensorFlowLite (1.13.1)
  - tflite (1.0.5):
    - Flutter
    - TensorFlowLite
  - TOCropViewController (2.5.2)
  - webview_flutter (0.0.1):
    - Flutter

DEPENDENCIES:
  - Flutter (from `Flutter`)
  - flutter_plugin_android_lifecycle (from `.symlinks/plugins/flutter_plugin_android_lifecycle/ios`)
  - image_crop (from `.symlinks/plugins/image_crop/ios`)
  - image_cropper (from `.symlinks/plugins/image_cropper/ios`)
  - image_picker (from `.symlinks/plugins/image_picker/ios`)
  - path_provider (from `.symlinks/plugins/path_provider/ios`)
  - path_provider_macos (from `.symlinks/plugins/path_provider_macos/ios`)
  - tflite (from `.symlinks/plugins/tflite/ios`)
  - webview_flutter (from `.symlinks/plugins/webview_flutter/ios`)

SPEC REPOS:
  trunk:
    - TensorFlowLite
    - TOCropViewController

EXTERNAL SOURCES:
  Flutter:
    :path: Flutter
  flutter_plugin_android_lifecycle:
    :path: ".symlinks/plugins/flutter_plugin_android_lifecycle/ios"
  image_crop:
    :path: ".symlinks/plugins/image_crop/ios"
  image_cropper:
    :path: ".symlinks/plugins/image_cropper/ios"
  image_picker:
    :path: ".symlinks/plugins/image_picker/ios"
  path_provider:
    :path: ".symlinks/plugins/path_provider/ios"
  path_provider_macos:
    :path: ".symlinks/plugins/path_provider_macos/ios"
  tflite:
    :path: ".symlinks/plugins/tflite/ios"
  webview_flutter:
    :path: ".symlinks/plugins/webview_flutter/ios"

SPEC CHECKSUMS:
  Flutter: 0e3d915762c693b495b44d77113d4970485de6ec
  flutter_plugin_android_lifecycle: 47de533a02850f070f5696a623995e93eddcdb9b
  image_crop: e0a67085d3ebf3cf46ca46d61c53a082507b0bc3
  image_cropper: 3c16d7651730ffe85897f5a1c4e2547e6b54989a
  image_picker: e3eacd46b94694dde7cf2705955cece853aa1a8f
  path_provider: fb74bd0465e96b594bb3b5088ee4a4e7bb1f2a9d
  path_provider_macos: f760a3c5b04357c380e2fddb6f9db6f3015897e0
  TensorFlowLite: 8b9dc4eb32eac0f8cb660c66bca7604da56dcc5a
  tflite: e3f7d0e4086e061e785777ef90e8b958f35ed56b
  TOCropViewController: e9da34f484aedd4e5d5a8ab230ba217cfe16c729
  webview_flutter: d2b4d6c66968ad042ad94cbb791f5b72b4678a96

PODFILE CHECKSUM: 3dbe063e9c90a5d7c9e4e76e70a821b9e2c1d271

COCOAPODS: 1.9.1
